
Microsoft Visual Studio Solution File, Format Version 12.00
# Visual Studio 15
VisualStudioVersion = 15.0.28307.1684
MinimumVisualStudioVersion = 10.0.40219.1
Project("{8BC9CEB8-8B4A-11D0-8D11-00A0C91BC942}") = "p15", "p15\p15.vcxproj", "{A5CB7EE1-3240-43CC-B7E5-20C97BFBD610}"
EndProject
Global
	GlobalSection(SolutionConfigurationPlatforms) = preSolution
		Debug|x64 = Debug|x64
		Debug|x86 = Debug|x86
		Release|x64 = Release|x64
		Release|x86 = Release|x86
	EndGlobalSection
	GlobalSection(ProjectConfigurationPlatforms) = postSolution
		{A5CB7EE1-3240-43CC-B7E5-20C97BFBD610}.Debug|x64.ActiveCfg = Debug|x64
		{A5CB7EE1-3240-43CC-B7E5-20C97BFBD610}.Debug|x64.Build.0 = Debug|x64
		{A5CB7EE1-3240-43CC-B7E5-20C97BFBD610}.Debug|x86.ActiveCfg = Debug|Win32
		{A5CB7EE1-3240-43CC-B7E5-20C97BFBD610}.Debug|x86.Build.0 = Debug|Win32
		{A5CB7EE1-3240-43CC-B7E5-20C97BFBD610}.Release|x64.ActiveCfg = Release|x64
		{A5CB7EE1-3240-43CC-B7E5-20C97BFBD610}.Release|x64.Build.0 = Release|x64
		{A5CB7EE1-3240-43CC-B7E5-20C97BFBD610}.Release|x86.ActiveCfg = Release|Win32
		{A5CB7EE1-3240-43CC-B7E5-20C97BFBD610}.Release|x86.Build.0 = Release|Win32
	EndGlobalSection
	GlobalSection(SolutionProperties) = preSolution
		HideSolutionNode = FALSE
	EndGlobalSection
	GlobalSection(ExtensibilityGlobals) = postSolution
		SolutionGuid = {96E29CBB-D2C6-49FF-986C-395D3C0720E6}
	EndGlobalSection
EndGlobal
